// !$*UTF8*$!
{
	archiveVersion = 1;
	classes = {
	};
	objectVersion = 46;
	objects = {

/* Begin PBXBuildFile section */
		843F17811B59D681008427EA /* main.m in Sources */ = {isa = PBXBuildFile; fileRef = 843F17801B59D681008427EA /* main.m */; };
		843F17841B59D681008427EA /* AppDelegate.m in Sources */ = {isa = PBXBuildFile; fileRef = 843F17831B59D681008427EA /* AppDelegate.m */; };
		843F17871B59D681008427EA /* ViewController.m in Sources */ = {isa = PBXBuildFile; fileRef = 843F17861B59D681008427EA /* ViewController.m */; };
		843F178A1B59D682008427EA /* Main.storyboard in Resources */ = {isa = PBXBuildFile; fileRef = 843F17881B59D682008427EA /* Main.storyboard */; };
		843F178C1B59D682008427EA /* Images.xcassets in Resources */ = {isa = PBXBuildFile; fileRef = 843F178B1B59D682008427EA /* Images.xcassets */; };
		843F178F1B59D682008427EA /* LaunchScreen.xib in Resources */ = {isa = PBXBuildFile; fileRef = 843F178D1B59D682008427EA /* LaunchScreen.xib */; };
		843F179B1B59D682008427EA /* Tutorial_44Tests.m in Sources */ = {isa = PBXBuildFile; fileRef = 843F179A1B59D682008427EA /* Tutorial_44Tests.m */; };
		843F17A91B59DB22008427EA /* SecondViewController.m in Sources */ = {isa = PBXBuildFile; fileRef = 843F17A81B59DB22008427EA /* SecondViewController.m */; };
		844CE43E1B5DB42200B28F2C /* MyCustomSegue.m in Sources */ = {isa = PBXBuildFile; fileRef = 844CE43D1B5DB42200B28F2C /* MyCustomSegue.m */; };
		844CE4411B5DB5AA00B28F2C /* MyCustomUnwindSegue.m in Sources */ = {isa = PBXBuildFile; fileRef = 844CE4401B5DB5AA00B28F2C /* MyCustomUnwindSegue.m */; };
		844CE4441B5DB98700B28F2C /* MyNavController.m in Sources */ = {isa = PBXBuildFile; fileRef = 844CE4431B5DB98700B28F2C /* MyNavController.m */; };
/* End PBXBuildFile section */

/* Begin PBXContainerItemProxy section */
		843F17951B59D682008427EA /* PBXContainerItemProxy */ = {
			isa = PBXContainerItemProxy;
			containerPortal = 843F17731B59D681008427EA /* Project object */;
			proxyType = 1;
			remoteGlobalIDString = 843F177A1B59D681008427EA;
			remoteInfo = Tutorial_44;
		};
/* End PBXContainerItemProxy section */

/* Begin PBXFileReference section */
		843F177B1B59D681008427EA /* Tutorial_44.app */ = {isa = PBXFileReference; explicitFileType = wrapper.application; includeInIndex = 0; path = Tutorial_44.app; sourceTree = BUILT_PRODUCTS_DIR; };
		843F177F1B59D681008427EA /* Info.plist */ = {isa = PBXFileReference; lastKnownFileType = text.plist.xml; path = Info.plist; sourceTree = "<group>"; };
		843F17801B59D681008427EA /* main.m */ = {isa = PBXFileReference; lastKnownFileType = sourcecode.c.objc; path = main.m; sourceTree = "<group>"; };
		843F17821B59D681008427EA /* AppDelegate.h */ = {isa = PBXFileReference; lastKnownFileType = sourcecode.c.h; path = AppDelegate.h; sourceTree = "<group>"; };
		843F17831B59D681008427EA /* AppDelegate.m */ = {isa = PBXFileReference; lastKnownFileType = sourcecode.c.objc; path = AppDelegate.m; sourceTree = "<group>"; };
		843F17851B59D681008427EA /* ViewController.h */ = {isa = PBXFileReference; lastKnownFileType = sourcecode.c.h; path = ViewController.h; sourceTree = "<group>"; };
		843F17861B59D681008427EA /* ViewController.m */ = {isa = PBXFileReference; lastKnownFileType = sourcecode.c.objc; path = ViewController.m; sourceTree = "<group>"; };
		843F17891B59D682008427EA /* Base */ = {isa = PBXFileReference; lastKnownFileType = file.storyboard; name = Base; path = Base.lproj/Main.storyboard; sourceTree = "<group>"; };
		843F178B1B59D682008427EA /* Images.xcassets */ = {isa = PBXFileReference; lastKnownFileType = folder.assetcatalog; path = Images.xcassets; sourceTree = "<group>"; };
		843F178E1B59D682008427EA /* Base */ = {isa = PBXFileReference; lastKnownFileType = file.xib; name = Base; path = Base.lproj/LaunchScreen.xib; sourceTree = "<group>"; };
		843F17941B59D682008427EA /* Tutorial_44Tests.xctest */ = {isa = PBXFileReference; explicitFileType = wrapper.cfbundle; includeInIndex = 0; path = Tutorial_44Tests.xctest; sourceTree = BUILT_PRODUCTS_DIR; };
		843F17991B59D682008427EA /* Info.plist */ = {isa = PBXFileReference; lastKnownFileType = text.plist.xml; path = Info.plist; sourceTree = "<group>"; };
		843F179A1B59D682008427EA /* Tutorial_44Tests.m */ = {isa = PBXFileReference; lastKnownFileType = sourcecode.c.objc; path = Tutorial_44Tests.m; sourceTree = "<group>"; };
		843F17A71B59DB22008427EA /* SecondViewController.h */ = {isa = PBXFileReference; fileEncoding = 4; lastKnownFileType = sourcecode.c.h; path = SecondViewController.h; sourceTree = "<group>"; };
		843F17A81B59DB22008427EA /* SecondViewController.m */ = {isa = PBXFileReference; fileEncoding = 4; lastKnownFileType = sourcecode.c.objc; path = SecondViewController.m; sourceTree = "<group>"; };
		844CE43C1B5DB42200B28F2C /* MyCustomSegue.h */ = {isa = PBXFileReference; fileEncoding = 4; lastKnownFileType = sourcecode.c.h; path = MyCustomSegue.h; sourceTree = "<group>"; };
		844CE43D1B5DB42200B28F2C /* MyCustomSegue.m */ = {isa = PBXFileReference; fileEncoding = 4; lastKnownFileType = sourcecode.c.objc; path = MyCustomSegue.m; sourceTree = "<group>"; };
		844CE43F1B5DB5AA00B28F2C /* MyCustomUnwindSegue.h */ = {isa = PBXFileReference; fileEncoding = 4; lastKnownFileType = sourcecode.c.h; path = MyCustomUnwindSegue.h; sourceTree = "<group>"; };
		844CE4401B5DB5AA00B28F2C /* MyCustomUnwindSegue.m */ = {isa = PBXFileReference; fileEncoding = 4; lastKnownFileType = sourcecode.c.objc; path = MyCustomUnwindSegue.m; sourceTree = "<group>"; };
		844CE4421B5DB98700B28F2C /* MyNavController.h */ = {isa = PBXFileReference; fileEncoding = 4; lastKnownFileType = sourcecode.c.h; path = MyNavController.h; sourceTree = "<group>"; };
		844CE4431B5DB98700B28F2C /* MyNavController.m */ = {isa = PBXFileReference; fileEncoding = 4; lastKnownFileType = sourcecode.c.objc; path = MyNavController.m; sourceTree = "<group>"; };
/* End PBXFileReference section */

/* Begin PBXFrameworksBuildPhase section */
		843F17781B59D681008427EA /* Frameworks */ = {
			isa = PBXFrameworksBuildPhase;
			buildActionMask = 2147483647;
			files = (
			);
			runOnlyForDeploymentPostprocessing = 0;
		};
		843F17911B59D682008427EA /* Frameworks */ = {
			isa = PBXFrameworksBuildPhase;
			buildActionMask = 2147483647;
			files = (
			);
			runOnlyForDeploymentPostprocessing = 0;
		};
/* End PBXFrameworksBuildPhase section */

/* Begin PBXGroup section */
		843F17721B59D681008427EA = {
			isa = PBXGroup;
			children = (
				843F177D1B59D681008427EA /* Tutorial_44 */,
				843F17971B59D682008427EA /* Tutorial_44Tests */,
				843F177C1B59D681008427EA /* Products */,
			);
			sourceTree = "<group>";
		};
		843F177C1B59D681008427EA /* Products */ = {
			isa = PBXGroup;
			children = (
				843F177B1B59D681008427EA /* Tutorial_44.app */,
				843F17941B59D682008427EA /* Tutorial_44Tests.xctest */,
			);
			name = Products;
			sourceTree = "<group>";
		};
		843F177D1B59D681008427EA /* Tutorial_44 */ = {
			isa = PBXGroup;
			children = (
				843F17821B59D681008427EA /* AppDelegate.h */,
				843F17831B59D681008427EA /* AppDelegate.m */,
				843F17851B59D681008427EA /* ViewController.h */,
				843F17861B59D681008427EA /* ViewController.m */,
				843F17881B59D682008427EA /* Main.storyboard */,
				843F178B1B59D682008427EA /* Images.xcassets */,
				843F178D1B59D682008427EA /* LaunchScreen.xib */,
				843F177E1B59D681008427EA /* Supporting Files */,
				843F17A71B59DB22008427EA /* SecondViewController.h */,
				843F17A81B59DB22008427EA /* SecondViewController.m */,
				844CE43C1B5DB42200B28F2C /* MyCustomSegue.h */,
				844CE43D1B5DB42200B28F2C /* MyCustomSegue.m */,
				844CE43F1B5DB5AA00B28F2C /* MyCustomUnwindSegue.h */,
				844CE4401B5DB5AA00B28F2C /* MyCustomUnwindSegue.m */,
				844CE4421B5DB98700B28F2C /* MyNavController.h */,
				844CE4431B5DB98700B28F2C /* MyNavController.m */,
			);
			path = Tutorial_44;
			sourceTree = "<group>";
		};
		843F177E1B59D681008427EA /* Supporting Files */ = {
			isa = PBXGroup;
			children = (
				843F177F1B59D681008427EA /* Info.plist */,
				843F17801B59D681008427EA /* main.m */,
			);
			name = "Supporting Files";
			sourceTree = "<group>";
		};
		843F17971B59D682008427EA /* Tutorial_44Tests */ = {
			isa = PBXGroup;
			children = (
				843F179A1B59D682008427EA /* Tutorial_44Tests.m */,
				843F17981B59D682008427EA /* Supporting Files */,
			);
			path = Tutorial_44Tests;
			sourceTree = "<group>";
		};
		843F17981B59D682008427EA /* Supporting Files */ = {
			isa = PBXGroup;
			children = (
				843F17991B59D682008427EA /* Info.plist */,
			);
			name = "Supporting Files";
			sourceTree = "<group>";
		};
/* End PBXGroup section */

/* Begin PBXNativeTarget section */
		843F177A1B59D681008427EA /* Tutorial_44 */ = {
			isa = PBXNativeTarget;
			buildConfigurationList = 843F179E1B59D682008427EA /* Build configuration list for PBXNativeTarget "Tutorial_44" */;
			buildPhases = (
				843F17771B59D681008427EA /* Sources */,
				843F17781B59D681008427EA /* Frameworks */,
				843F17791B59D681008427EA /* Resources */,
			);
			buildRules = (
			);
			dependencies = (
			);
			name = Tutorial_44;
			productName = Tutorial_44;
			productReference = 843F177B1B59D681008427EA /* Tutorial_44.app */;
			productType = "com.apple.product-type.application";
		};
		843F17931B59D682008427EA /* Tutorial_44Tests */ = {
			isa = PBXNativeTarget;
			buildConfigurationList = 843F17A11B59D682008427EA /* Build configuration list for PBXNativeTarget "Tutorial_44Tests" */;
			buildPhases = (
				843F17901B59D682008427EA /* Sources */,
				843F17911B59D682008427EA /* Frameworks */,
				843F17921B59D682008427EA /* Resources */,
			);
			buildRules = (
			);
			dependencies = (
				843F17961B59D682008427EA /* PBXTargetDependency */,
			);
			name = Tutorial_44Tests;
			productName = Tutorial_44Tests;
			productReference = 843F17941B59D682008427EA /* Tutorial_44Tests.xctest */;
			productType = "com.apple.product-type.bundle.unit-test";
		};
/* End PBXNativeTarget section */

/* Begin PBXProject section */
		843F17731B59D681008427EA /* Project object */ = {
			isa = PBXProject;
			attributes = {
				LastUpgradeCheck = 0640;
				ORGANIZATIONNAME = Admin;
				TargetAttributes = {
					843F177A1B59D681008427EA = {
						CreatedOnToolsVersion = 6.4;
					};
					843F17931B59D682008427EA = {
						CreatedOnToolsVersion = 6.4;
						TestTargetID = 843F177A1B59D681008427EA;
					};
				};
			};
			buildConfigurationList = 843F17761B59D681008427EA /* Build configuration list for PBXProject "Tutorial_44" */;
			compatibilityVersion = "Xcode 3.2";
			developmentRegion = English;
			hasScannedForEncodings = 0;
			knownRegions = (
				en,
				Base,
			);
			mainGroup = 843F17721B59D681008427EA;
			productRefGroup = 843F177C1B59D681008427EA /* Products */;
			projectDirPath = "";
			projectRoot = "";
			targets = (
				843F177A1B59D681008427EA /* Tutorial_44 */,
				843F17931B59D682008427EA /* Tutorial_44Tests */,
			);
		};
/* End PBXProject section */

/* Begin PBXResourcesBuildPhase section */
		843F17791B59D681008427EA /* Resources */ = {
			isa = PBXResourcesBuildPhase;
			buildActionMask = 2147483647;
			files = (
				843F178A1B59D682008427EA /* Main.storyboard in Resources */,
				843F178F1B59D682008427EA /* LaunchScreen.xib in Resources */,
				843F178C1B59D682008427EA /* Images.xcassets in Resources */,
			);
			runOnlyForDeploymentPostprocessing = 0;
		};
		843F17921B59D682008427EA /* Resources */ = {
			isa = PBXResourcesBuildPhase;
			buildActionMask = 2147483647;
			files = (
			);
			runOnlyForDeploymentPostprocessing = 0;
		};
/* End PBXResourcesBuildPhase section */

/* Begin PBXSourcesBuildPhase section */
		843F17771B59D681008427EA /* Sources */ = {
			isa = PBXSourcesBuildPhase;
			buildActionMask = 2147483647;
			files = (
				843F17A91B59DB22008427EA /* SecondViewController.m in Sources */,
				844CE4411B5DB5AA00B28F2C /* MyCustomUnwindSegue.m in Sources */,
				843F17871B59D681008427EA /* ViewController.m in Sources */,
				843F17841B59D681008427EA /* AppDelegate.m in Sources */,
				844CE43E1B5DB42200B28F2C /* MyCustomSegue.m in Sources */,
				844CE4441B5DB98700B28F2C /* MyNavController.m in Sources */,
				843F17811B59D681008427EA /* main.m in Sources */,
			);
			runOnlyForDeploymentPostprocessing = 0;
		};
		843F17901B59D682008427EA /* Sources */ = {
			isa = PBXSourcesBuildPhase;
			buildActionMask = 2147483647;
			files = (
				843F179B1B59D682008427EA /* Tutorial_44Tests.m in Sources */,
			);
			runOnlyForDeploymentPostprocessing = 0;
		};
/* End PBXSourcesBuildPhase section */

/* Begin PBXTargetDependency section */
		843F17961B59D682008427EA /* PBXTargetDependency */ = {
			isa = PBXTargetDependency;
			target = 843F177A1B59D681008427EA /* Tutorial_44 */;
			targetProxy = 843F17951B59D682008427EA /* PBXContainerItemProxy */;
		};
/* End PBXTargetDependency section */

/* Begin PBXVariantGroup section */
		843F17881B59D682008427EA /* Main.storyboard */ = {
			isa = PBXVariantGroup;
			children = (
				843F17891B59D682008427EA /* Base */,
			);
			name = Main.storyboard;
			sourceTree = "<group>";
		};
		843F178D1B59D682008427EA /* LaunchScreen.xib */ = {
			isa = PBXVariantGroup;
			children = (
				843F178E1B59D682008427EA /* Base */,
			);
			name = LaunchScreen.xib;
			sourceTree = "<group>";
		};
/* End PBXVariantGroup section */

/* Begin XCBuildConfiguration section */
		843F179C1B59D682008427EA /* Debug */ = {
			isa = XCBuildConfiguration;
			buildSettings = {
				ALWAYS_SEARCH_USER_PATHS = NO;
				CLANG_CXX_LANGUAGE_STANDARD = "gnu++0x";
				CLANG_CXX_LIBRARY = "libc++";
				CLANG_ENABLE_MODULES = YES;
				CLANG_ENABLE_OBJC_ARC = YES;
				CLANG_WARN_BOOL_CONVERSION = YES;
				CLANG_WARN_CONSTANT_CONVERSION = YES;
				CLANG_WARN_DIRECT_OBJC_ISA_USAGE = YES_ERROR;
				CLANG_WARN_EMPTY_BODY = YES;
				CLANG_WARN_ENUM_CONVERSION = YES;
				CLANG_WARN_INT_CONVERSION = YES;
				CLANG_WARN_OBJC_ROOT_CLASS = YES_ERROR;
				CLANG_WARN_UNREACHABLE_CODE = YES;
				CLANG_WARN__DUPLICATE_METHOD_MATCH = YES;
				"CODE_SIGN_IDENTITY[sdk=iphoneos*]" = "iPhone Developer";
				COPY_PHASE_STRIP = NO;
				DEBUG_INFORMATION_FORMAT = "dwarf-with-dsym";
				ENABLE_STRICT_OBJC_MSGSEND = YES;
				GCC_C_LANGUAGE_STANDARD = gnu99;
				GCC_DYNAMIC_NO_PIC = NO;
				GCC_NO_COMMON_BLOCKS = YES;
				GCC_OPTIMIZATION_LEVEL = 0;
				GCC_PREPROCESSOR_DEFINITIONS = (
					"DEBUG=1",
					"$(inherited)",
				);
				GCC_SYMBOLS_PRIVATE_EXTERN = NO;
				GCC_WARN_64_TO_32_BIT_CONVERSION = YES;
				GCC_WARN_ABOUT_RETURN_TYPE = YES_ERROR;
				GCC_WARN_UNDECLARED_SELECTOR = YES;
				GCC_WARN_UNINITIALIZED_AUTOS = YES_AGGRESSIVE;
				GCC_WARN_UNUSED_FUNCTION = YES;
				GCC_WARN_UNUSED_VARIABLE = YES;
				IPHONEOS_DEPLOYMENT_TARGET = 8.4;
				MTL_ENABLE_DEBUG_INFO = YES;
				ONLY_ACTIVE_ARCH = YES;
				SDKROOT = iphoneos;
			};
			name = Debug;
		};
		843F179D1B59D682008427EA /* Release */ = {
			isa = XCBuildConfiguration;
			buildSettings = {
				ALWAYS_SEARCH_USER_PATHS = NO;
				CLANG_CXX_LANGUAGE_STANDARD = "gnu++0x";
				CLANG_CXX_LIBRARY = "libc++";
				CLANG_ENABLE_MODULES = YES;
				CLANG_ENABLE_OBJC_ARC = YES;
				CLANG_WARN_BOOL_CONVERSION = YES;
				CLANG_WARN_CONSTANT_CONVERSION = YES;
				CLANG_WARN_DIRECT_OBJC_ISA_USAGE = YES_ERROR;
				CLANG_WARN_EMPTY_BODY = YES;
				CLANG_WARN_ENUM_CONVERSION = YES;
				CLANG_WARN_INT_CONVERSION = YES;
				CLANG_WARN_OBJC_ROOT_CLASS = YES_ERROR;
				CLANG_WARN_UNREACHABLE_CODE = YES;
				CLANG_WARN__DUPLICATE_METHOD_MATCH = YES;
				"CODE_SIGN_IDENTITY[sdk=iphoneos*]" = "iPhone Developer";
				COPY_PHASE_STRIP = NO;
				DEBUG_INFORMATION_FORMAT = "dwarf-with-dsym";
				ENABLE_NS_ASSERTIONS = NO;
				ENABLE_STRICT_OBJC_MSGSEND = YES;
				GCC_C_LANGUAGE_STANDARD = gnu99;
				GCC_NO_COMMON_BLOCKS = YES;
				GCC_WARN_64_TO_32_BIT_CONVERSION = YES;
				GCC_WARN_ABOUT_RETURN_TYPE = YES_ERROR;
				GCC_WARN_UNDECLARED_SELECTOR = YES;
				GCC_WARN_UNINITIALIZED_AUTOS = YES_AGGRESSIVE;
				GCC_WARN_UNUSED_FUNCTION = YES;
				GCC_WARN_UNUSED_VARIABLE = YES;
				IPHONEOS_DEPLOYMENT_TARGET = 8.4;
				MTL_ENABLE_DEBUG_INFO = NO;
				SDKROOT = iphoneos;
				VALIDATE_PRODUCT = YES;
			};
			name = Release;
		};
		843F179F1B59D682008427EA /* Debug */ = {
			isa = XCBuildConfiguration;
			buildSettings = {
				ASSETCATALOG_COMPILER_APPICON_NAME = AppIcon;
				INFOPLIST_FILE = Tutorial_44/Info.plist;
				LD_RUNPATH_SEARCH_PATHS = "$(inherited) @executable_path/Frameworks";
				PRODUCT_NAME = "$(TARGET_NAME)";
			};
			name = Debug;
		};
		843F17A01B59D682008427EA /* Release */ = {
			isa = XCBuildConfiguration;
			buildSettings = {
				ASSETCATALOG_COMPILER_APPICON_NAME = AppIcon;
				INFOPLIST_FILE = Tutorial_44/Info.plist;
				LD_RUNPATH_SEARCH_PATHS = "$(inherited) @executable_path/Frameworks";
				PRODUCT_NAME = "$(TARGET_NAME)";
			};
			name = Release;
		};
		843F17A21B59D682008427EA /* Debug */ = {
			isa = XCBuildConfiguration;
			buildSettings = {
				BUNDLE_LOADER = "$(TEST_HOST)";
				FRAMEWORK_SEARCH_PATHS = (
					"$(SDKROOT)/Developer/Library/Frameworks",
					"$(inherited)",
				);
				GCC_PREPROCESSOR_DEFINITIONS = (
					"DEBUG=1",
					"$(inherited)",
				);
				INFOPLIST_FILE = Tutorial_44Tests/Info.plist;
				LD_RUNPATH_SEARCH_PATHS = "$(inherited) @executable_path/Frameworks @loader_path/Frameworks";
				PRODUCT_NAME = "$(TARGET_NAME)";
				TEST_HOST = "$(BUILT_PRODUCTS_DIR)/Tutorial_44.app/Tutorial_44";
			};
			name = Debug;
		};
		843F17A31B59D682008427EA /* Release */ = {
			isa = XCBuildConfiguration;
			buildSettings = {
				BUNDLE_LOADER = "$(TEST_HOST)";
				FRAMEWORK_SEARCH_PATHS = (
					"$(SDKROOT)/Developer/Library/Frameworks",
					"$(inherited)",
				);
				INFOPLIST_FILE = Tutorial_44Tests/Info.plist;
				LD_RUNPATH_SEARCH_PATHS = "$(inherited) @executable_path/Frameworks @loader_path/Frameworks";
				PRODUCT_NAME = "$(TARGET_NAME)";
				TEST_HOST = "$(BUILT_PRODUCTS_DIR)/Tutorial_44.app/Tutorial_44";
			};
			name = Release;
		};
/* End XCBuildConfiguration section */

/* Begin XCConfigurationList section */
		843F17761B59D681008427EA /* Build configuration list for PBXProject "Tutorial_44" */ = {
			isa = XCConfigurationList;
			buildConfigurations = (
				843F179C1B59D682008427EA /* Debug */,
				843F179D1B59D682008427EA /* Release */,
			);
			defaultConfigurationIsVisible = 0;
			defaultConfigurationName = Release;
		};
		843F179E1B59D682008427EA /* Build configuration list for PBXNativeTarget "Tutorial_44" */ = {
			isa = XCConfigurationList;
			buildConfigurations = (
				843F179F1B59D682008427EA /* Debug */,
				843F17A01B59D682008427EA /* Release */,
			);
			defaultConfigurationIsVisible = 0;
			defaultConfigurationName = Release;
		};
		843F17A11B59D682008427EA /* Build configuration list for PBXNativeTarget "Tutorial_44Tests" */ = {
			isa = XCConfigurationList;
			buildConfigurations = (
				843F17A21B59D682008427EA /* Debug */,
				843F17A31B59D682008427EA /* Release */,
			);
			defaultConfigurationIsVisible = 0;
			defaultConfigurationName = Release;
		};
/* End XCConfigurationList section */
	};
	rootObject = 843F17731B59D681008427EA /* Project object */;
}
